
Microsoft Visual Studio Solution File, Format Version 12.00
# Visual Studio Version 17
VisualStudioVersion = 17.7.34031.279
MinimumVisualStudioVersion = 10.0.40219.1
Project("{FAE04EC0-301F-11D3-BF4B-00C04F79EFBC}") = "WEBBAKERYPro", "WEBBAKERYPro\WEBBAKERYPro.csproj", "{AA6636D4-9755-4DD1-8CCA-B8633F18D3F6}"
EndProject
Global
	GlobalSection(SolutionConfigurationPlatforms) = preSolution
		Debug|Any CPU = Debug|Any CPU
		Release|Any CPU = Release|Any CPU
	EndGlobalSection
	GlobalSection(ProjectConfigurationPlatforms) = postSolution
		{AA6636D4-9755-4DD1-8CCA-B8633F18D3F6}.Debug|Any CPU.ActiveCfg = Debug|Any CPU
		{AA6636D4-9755-4DD1-8CCA-B8633F18D3F6}.Debug|Any CPU.Build.0 = Debug|Any CPU
		{AA6636D4-9755-4DD1-8CCA-B8633F18D3F6}.Release|Any CPU.ActiveCfg = Release|Any CPU
		{AA6636D4-9755-4DD1-8CCA-B8633F18D3F6}.Release|Any CPU.Build.0 = Release|Any CPU
	EndGlobalSection
	GlobalSection(SolutionProperties) = preSolution
		HideSolutionNode = FALSE
	EndGlobalSection
	GlobalSection(ExtensibilityGlobals) = postSolution
		SolutionGuid = {4E36FAF7-8B07-419E-B88D-09D6C28AD57E}
	EndGlobalSection
EndGlobal
